lockfileVersion: '9.0'

settings:
  autoInstallPeers: true
  excludeLinksFromLockfile: false

importers:

  .:
    devDependencies:
      '@iarna/toml':
        specifier: ^2.2.5
        version: 2.2.5
      typescript:
        specifier: ^5.9.3
        version: 5.9.3
      zx:
        specifier: ^8.7.2
        version: 8.7.2

packages:

  '@iarna/toml@2.2.5':
    resolution: {integrity: sha512-trnsAYxU3xnS1gPHPyU961coFyLkh4gAD/0zQ5mymY4yOZ+CYvsPqUbOFSw0aDM4y0tV7tiFxL/1XfXPNC6IPg==}

  typescript@5.9.3:
    resolution: {integrity: sha512-jl1vZzPDinLr9eUt3J/t7V6FgNEw9QjvBPdysz9KfQDD41fQrC2Y4vKQdiaUpFT4bXlb1RHhLpp8wtm6M5TgSw==}
    engines: {node: '>=14.17'}
    hasBin: true

  zx@8.7.2:
    resolution: {integrity: sha512-4Wtl46msLFx6QW6GjLu1aRnFhavukT4VSp4tdXvfRIBRNW3RP7Si3RlRFD7YeQeecQBacVFRQQgm5LTvE/YEGQ==}
    engines: {node: '>= 12.17.0'}
    hasBin: true

snapshots:

  '@iarna/toml@2.2.5': {}

  typescript@5.9.3: {}

  zx@8.7.2: {}
