lockfileVersion: '9.0'

settings:
  autoInstallPeers: true
  excludeLinksFromLockfile: false

importers:

  .:
    devDependencies:
      '@iarna/toml':
        specifier: ^2.2.5
        version: 2.2.5
      typescript:
        specifier: ^5.7.3
        version: 5.7.3
      zx:
        specifier: ^8.7.1
        version: 8.7.1

packages:

  '@iarna/toml@2.2.5':
    resolution: {integrity: sha512-trnsAYxU3xnS1gPHPyU961coFyLkh4gAD/0zQ5mymY4yOZ+CYvsPqUbOFSw0aDM4y0tV7tiFxL/1XfXPNC6IPg==}

  typescript@5.7.3:
    resolution: {integrity: sha512-84MVSjMEHP+FQRPy3pX9sTVV/INIex71s9TL2Gm5FG/WG1SqXeKyZ0k7/blY/4FdOzI12CBy1vGc4og/eus0fw==}
    engines: {node: '>=14.17'}
    hasBin: true

  zx@8.7.1:
    resolution: {integrity: sha512-28u1w2LlIfvyvJvYe6pmCipesk8oL5AFMVp+P/U445LcaPgzrU5lNDtAPd6nJvWmoCNyXZz37R/xKOGokccjsw==}
    engines: {node: '>= 12.17.0'}
    hasBin: true

snapshots:

  '@iarna/toml@2.2.5': {}

  typescript@5.7.3: {}

  zx@8.7.1: {}
